<?xml version="1.0" encoding="utf-8"?>
<Project ToolsVersion="4.0" xmlns="http://schemas.microsoft.com/developer/msbuild/2003">
  <ItemGroup>
    <AppxManifest Include="Package.appxmanifest" />
  </ItemGroup>
  <ItemGroup>
    <None Include="MarbleMaze.Windows_TemporaryKey.pfx" />
    <None Include="Package.StoreAssociation.xml" />
    <None Include="MarbleMaze.Windows_StoreKey.pfx" />
  </ItemGroup>
</Project>